// !$*UTF8*$!
{
	archiveVersion = 1;
	classes = {
	};
	objectVersion = 46;
	objects = {

/* Begin PBXBuildFile section */
		19019B2C6E70EA136E78C051 /* libPods-Introke.a in Frameworks */ = {isa = PBXBuildFile; fileRef = 4DE6C3077AABB84E1801055D /* libPods-Introke.a */; };
		2915018D1DAB6F88002E499A /* main.m in Sources */ = {isa = PBXBuildFile; fileRef = 2915018C1DAB6F88002E499A /* main.m */; };
		291501961DAB6F88002E499A /* Main.storyboard in Resources */ = {isa = PBXBuildFile; fileRef = 291501941DAB6F88002E499A /* Main.storyboard */; };
		291501981DAB6F88002E499A /* Assets.xcassets in Resources */ = {isa = PBXBuildFile; fileRef = 291501971DAB6F88002E499A /* Assets.xcassets */; };
		2915019B1DAB6F88002E499A /* LaunchScreen.storyboard in Resources */ = {isa = PBXBuildFile; fileRef = 291501991DAB6F88002E499A /* LaunchScreen.storyboard */; };
		291501DF1DAB7FE3002E499A /* AppDelegate.m in Sources */ = {isa = PBXBuildFile; fileRef = 291501D21DAB7FE3002E499A /* AppDelegate.m */; };
		291501E01DAB7FE3002E499A /* ViewController.m in Sources */ = {isa = PBXBuildFile; fileRef = 291501D51DAB7FE3002E499A /* ViewController.m */; };
		291501E41DAB8083002E499A /* HttpTool.m in Sources */ = {isa = PBXBuildFile; fileRef = 291501E31DAB8083002E499A /* HttpTool.m */; };
		291501E81DAB81DE002E499A /* UIImageView+SDWebImage.m in Sources */ = {isa = PBXBuildFile; fileRef = 291501E71DAB81DE002E499A /* UIImageView+SDWebImage.m */; };
		291501EB1DAB82F5002E499A /* VCTabBar.m in Sources */ = {isa = PBXBuildFile; fileRef = 291501EA1DAB82F5002E499A /* VCTabBar.m */; };
		291501EE1DAB8355002E499A /* VCBase.m in Sources */ = {isa = PBXBuildFile; fileRef = 291501ED1DAB8355002E499A /* VCBase.m */; };
		291501F11DAB838F002E499A /* CstTabBar.m in Sources */ = {isa = PBXBuildFile; fileRef = 291501F01DAB838F002E499A /* CstTabBar.m */; };
		291501F51DAB87AD002E499A /* INTBaseNV.m in Sources */ = {isa = PBXBuildFile; fileRef = 291501F41DAB87AD002E499A /* INTBaseNV.m */; };
		291501F81DAB880D002E499A /* VCMain.m in Sources */ = {isa = PBXBuildFile; fileRef = 291501F71DAB880D002E499A /* VCMain.m */; };
		291501FB1DAB881D002E499A /* VCMe.m in Sources */ = {isa = PBXBuildFile; fileRef = 291501FA1DAB881D002E499A /* VCMe.m */; };
		291501FE1DAB8C84002E499A /* VCLuanch.m in Sources */ = {isa = PBXBuildFile; fileRef = 291501FD1DAB8C84002E499A /* VCLuanch.m */; };
		295D3DFE1DACE1A60002581C /* IntMainHandler.m in Sources */ = {isa = PBXBuildFile; fileRef = 295D3DFD1DACE1A60002581C /* IntMainHandler.m */; };
		295D3E011DACE24A0002581C /* IntBaseHandler.m in Sources */ = {isa = PBXBuildFile; fileRef = 295D3E001DACE24A0002581C /* IntBaseHandler.m */; };
		295D3E041DACE4050002581C /* IntFocus.m in Sources */ = {isa = PBXBuildFile; fileRef = 295D3E031DACE4050002581C /* IntFocus.m */; };
		295D3E071DACEA9E0002581C /* CellFocus.m in Sources */ = {isa = PBXBuildFile; fileRef = 295D3E061DACEA9E0002581C /* CellFocus.m */; };
		295D3E0A1DAE2A400002581C /* IJKMediaFramework.framework in Frameworks */ = {isa = PBXBuildFile; fileRef = 295D3E091DAE2A400002581C /* IJKMediaFramework.framework */; };
		295D3E0C1DAE2A540002581C /* AudioToolbox.framework in Frameworks */ = {isa = PBXBuildFile; fileRef = 295D3E0B1DAE2A540002581C /* AudioToolbox.framework */; };
		295D3E0E1DAE2A5A0002581C /* AVFoundation.framework in Frameworks */ = {isa = PBXBuildFile; fileRef = 295D3E0D1DAE2A5A0002581C /* AVFoundation.framework */; };
		295D3E101DAE2A610002581C /* CoreGraphics.framework in Frameworks */ = {isa = PBXBuildFile; fileRef = 295D3E0F1DAE2A610002581C /* CoreGraphics.framework */; };
		295D3E121DAE2A6D0002581C /* CoreMedia.framework in Frameworks */ = {isa = PBXBuildFile; fileRef = 295D3E111DAE2A6D0002581C /* CoreMedia.framework */; };
		295D3E141DAE2A7F0002581C /* CoreVideo.framework in Frameworks */ = {isa = PBXBuildFile; fileRef = 295D3E131DAE2A7F0002581C /* CoreVideo.framework */; };
		295D3E161DAE2A8F0002581C /* libbz2.tbd in Frameworks */ = {isa = PBXBuildFile; fileRef = 295D3E151DAE2A8F0002581C /* libbz2.tbd */; };
		295D3E181DAE2A940002581C /* libz.tbd in Frameworks */ = {isa = PBXBuildFile; fileRef = 295D3E171DAE2A940002581C /* libz.tbd */; };
		295D3E1A1DAE2A9C0002581C /* MediaPlayer.framework in Frameworks */ = {isa = PBXBuildFile; fileRef = 295D3E191DAE2A9C0002581C /* MediaPlayer.framework */; };
		295D3E1C1DAE2AA30002581C /* MobileCoreServices.framework in Frameworks */ = {isa = PBXBuildFile; fileRef = 295D3E1B1DAE2AA30002581C /* MobileCoreServices.framework */; };
		295D3E1E1DAE2ACA0002581C /* OpenGLES.framework in Frameworks */ = {isa = PBXBuildFile; fileRef = 295D3E1D1DAE2ACA0002581C /* OpenGLES.framework */; };
		295D3E201DAE2AD50002581C /* QuartzCore.framework in Frameworks */ = {isa = PBXBuildFile; fileRef = 295D3E1F1DAE2AD50002581C /* QuartzCore.framework */; };
		295D3E221DAE2AE10002581C /* VideoToolbox.framework in Frameworks */ = {isa = PBXBuildFile; fileRef = 295D3E211DAE2AE10002581C /* VideoToolbox.framework */; };
		295D3E261DAE2B3D0002581C /* VCPlayer.m in Sources */ = {isa = PBXBuildFile; fileRef = 295D3E251DAE2B3D0002581C /* VCPlayer.m */; };
		295D3E291DAF41F50002581C /* INTLocationManager.m in Sources */ = {isa = PBXBuildFile; fileRef = 295D3E281DAF41F50002581C /* INTLocationManager.m */; };
		295D3E2F1DAF515A0002581C /* INTNear.m in Sources */ = {isa = PBXBuildFile; fileRef = 295D3E2E1DAF515A0002581C /* INTNear.m */; };
		295D3E321DAF54F00002581C /* CellNearby.m in Sources */ = {isa = PBXBuildFile; fileRef = 295D3E311DAF54F00002581C /* CellNearby.m */; };
		295D3E361DAF5CF40002581C /* MJChiBaoZiHeader.m in Sources */ = {isa = PBXBuildFile; fileRef = 295D3E351DAF5CF40002581C /* MJChiBaoZiHeader.m */; };
		295D3E391DAF696F0002581C /* INTAdvitiseView.m in Sources */ = {isa = PBXBuildFile; fileRef = 295D3E381DAF696F0002581C /* INTAdvitiseView.m */; };
		295D3E3C1DAF6A8F0002581C /* INTAdvitise.m in Sources */ = {isa = PBXBuildFile; fileRef = 295D3E3B1DAF6A8F0002581C /* INTAdvitise.m */; };
		295D3E3F1DAF77E10002581C /* INTCacheHelper.m in Sources */ = {isa = PBXBuildFile; fileRef = 295D3E3E1DAF77E10002581C /* INTCacheHelper.m */; };
		295D3E421DAF98280002581C /* LFLivePreview.m in Sources */ = {isa = PBXBuildFile; fileRef = 295D3E411DAF98270002581C /* LFLivePreview.m */; };
		2977778A1DAC8E9A00825C36 /* VCFocus.m in Sources */ = {isa = PBXBuildFile; fileRef = 297777891DAC8E9A00825C36 /* VCFocus.m */; };
		2977778D1DAC8EA800825C36 /* VCAttention.m in Sources */ = {isa = PBXBuildFile; fileRef = 2977778C1DAC8EA800825C36 /* VCAttention.m */; };
		297777901DAC8EC200825C36 /* VCNearby.m in Sources */ = {isa = PBXBuildFile; fileRef = 2977778F1DAC8EC200825C36 /* VCNearby.m */; };
		29FED1F31DAC966700B61920 /* INTMainNavView.m in Sources */ = {isa = PBXBuildFile; fileRef = 29FED1F21DAC966700B61920 /* INTMainNavView.m */; };
/* End PBXBuildFile section */

/* Begin PBXFileReference section */
		291501881DAB6F88002E499A /* Introke.app */ = {isa = PBXFileReference; explicitFileType = wrapper.application; includeInIndex = 0; path = Introke.app; sourceTree = BUILT_PRODUCTS_DIR; };
		2915018C1DAB6F88002E499A /* main.m */ = {isa = PBXFileReference; lastKnownFileType = sourcecode.c.objc; path = main.m; sourceTree = "<group>"; };
		291501951DAB6F88002E499A /* Base */ = {isa = PBXFileReference; lastKnownFileType = file.storyboard; name = Base; path = Base.lproj/Main.storyboard; sourceTree = "<group>"; };
		291501971DAB6F88002E499A /* Assets.xcassets */ = {isa = PBXFileReference; lastKnownFileType = folder.assetcatalog; path = Assets.xcassets; sourceTree = "<group>"; };
		2915019A1DAB6F88002E499A /* Base */ = {isa = PBXFileReference; lastKnownFileType = file.storyboard; name = Base; path = Base.lproj/LaunchScreen.storyboard; sourceTree = "<group>"; };
		2915019C1DAB6F88002E499A /* Info.plist */ = {isa = PBXFileReference; lastKnownFileType = text.plist.xml; path = Info.plist; sourceTree = "<group>"; };
		291501D11DAB7FE3002E499A /* AppDelegate.h */ = {isa = PBXFileReference; fileEncoding = 4; lastKnownFileType = sourcecode.c.h; path = AppDelegate.h; sourceTree = "<group>"; };
		291501D21DAB7FE3002E499A /* AppDelegate.m */ = {isa = PBXFileReference; fileEncoding = 4; lastKnownFileType = sourcecode.c.objc; path = AppDelegate.m; sourceTree = "<group>"; };
		291501D31DAB7FE3002E499A /* PrefixHeader.pch */ = {isa = PBXFileReference; fileEncoding = 4; lastKnownFileType = sourcecode.c.h; path = PrefixHeader.pch; sourceTree = "<group>"; };
		291501D41DAB7FE3002E499A /* ViewController.h */ = {isa = PBXFileReference; fileEncoding = 4; lastKnownFileType = sourcecode.c.h; path = ViewController.h; sourceTree = "<group>"; };
		291501D51DAB7FE3002E499A /* ViewController.m */ = {isa = PBXFileReference; fileEncoding = 4; lastKnownFileType = sourcecode.c.objc; path = ViewController.m; sourceTree = "<group>"; };
		291501E21DAB8083002E499A /* HttpTool.h */ = {isa = PBXFileReference; fileEncoding = 4; lastKnownFileType = sourcecode.c.h; path = HttpTool.h; sourceTree = "<group>"; };
		291501E31DAB8083002E499A /* HttpTool.m */ = {isa = PBXFileReference; fileEncoding = 4; lastKnownFileType = sourcecode.c.objc; path = HttpTool.m; sourceTree = "<group>"; };
		291501E51DAB80F9002E499A /* APIConfig.h */ = {isa = PBXFileReference; lastKnownFileType = sourcecode.c.h; path = APIConfig.h; sourceTree = "<group>"; };
		291501E61DAB81DE002E499A /* UIImageView+SDWebImage.h */ = {isa = PBXFileReference; fileEncoding = 4; lastKnownFileType = sourcecode.c.h; name = "UIImageView+SDWebImage.h"; path = "../../Other/UIImageView+SDWebImage.h"; sourceTree = "<group>"; };
		291501E71DAB81DE002E499A /* UIImageView+SDWebImage.m */ = {isa = PBXFileReference; fileEncoding = 4; lastKnownFileType = sourcecode.c.objc; name = "UIImageView+SDWebImage.m"; path = "../../Other/UIImageView+SDWebImage.m"; sourceTree = "<group>"; };
		291501E91DAB82F5002E499A /* VCTabBar.h */ = {isa = PBXFileReference; fileEncoding = 4; lastKnownFileType = sourcecode.c.h; path = VCTabBar.h; sourceTree = "<group>"; };
		291501EA1DAB82F5002E499A /* VCTabBar.m */ = {isa = PBXFileReference; fileEncoding = 4; lastKnownFileType = sourcecode.c.objc; path = VCTabBar.m; sourceTree = "<group>"; };
		291501EC1DAB8355002E499A /* VCBase.h */ = {isa = PBXFileReference; fileEncoding = 4; lastKnownFileType = sourcecode.c.h; path = VCBase.h; sourceTree = "<group>"; };
		291501ED1DAB8355002E499A /* VCBase.m */ = {isa = PBXFileReference; fileEncoding = 4; lastKnownFileType = sourcecode.c.objc; path = VCBase.m; sourceTree = "<group>"; };
		291501EF1DAB838F002E499A /* CstTabBar.h */ = {isa = PBXFileReference; fileEncoding = 4; lastKnownFileType = sourcecode.c.h; path = CstTabBar.h; sourceTree = "<group>"; };
		291501F01DAB838F002E499A /* CstTabBar.m */ = {isa = PBXFileReference; fileEncoding = 4; lastKnownFileType = sourcecode.c.objc; path = CstTabBar.m; sourceTree = "<group>"; };
		291501F21DAB86E2002E499A /* INTMacros.h */ = {isa = PBXFileReference; lastKnownFileType = sourcecode.c.h; path = INTMacros.h; sourceTree = "<group>"; };
		291501F31DAB87AD002E499A /* INTBaseNV.h */ = {isa = PBXFileReference; fileEncoding = 4; lastKnownFileType = sourcecode.c.h; path = INTBaseNV.h; sourceTree = "<group>"; };
		291501F41DAB87AD002E499A /* INTBaseNV.m */ = {isa = PBXFileReference; fileEncoding = 4; lastKnownFileType = sourcecode.c.objc; path = INTBaseNV.m; sourceTree = "<group>"; };
		291501F61DAB880D002E499A /* VCMain.h */ = {isa = PBXFileReference; fileEncoding = 4; lastKnownFileType = sourcecode.c.h; path = VCMain.h; sourceTree = "<group>"; };
		291501F71DAB880D002E499A /* VCMain.m */ = {isa = PBXFileReference; fileEncoding = 4; lastKnownFileType = sourcecode.c.objc; path = VCMain.m; sourceTree = "<group>"; };
		291501F91DAB881D002E499A /* VCMe.h */ = {isa = PBXFileReference; fileEncoding = 4; lastKnownFileType = sourcecode.c.h; path = VCMe.h; sourceTree = "<group>"; };
		291501FA1DAB881D002E499A /* VCMe.m */ = {isa = PBXFileReference; fileEncoding = 4; lastKnownFileType = sourcecode.c.objc; path = VCMe.m; sourceTree = "<group>"; };
		291501FC1DAB8C84002E499A /* VCLuanch.h */ = {isa = PBXFileReference; fileEncoding = 4; lastKnownFileType = sourcecode.c.h; path = VCLuanch.h; sourceTree = "<group>"; };
		291501FD1DAB8C84002E499A /* VCLuanch.m */ = {isa = PBXFileReference; fileEncoding = 4; lastKnownFileType = sourcecode.c.objc; path = VCLuanch.m; sourceTree = "<group>"; };
		295D3DFC1DACE1A60002581C /* IntMainHandler.h */ = {isa = PBXFileReference; fileEncoding = 4; lastKnownFileType = sourcecode.c.h; path = IntMainHandler.h; sourceTree = "<group>"; };
		295D3DFD1DACE1A60002581C /* IntMainHandler.m */ = {isa = PBXFileReference; fileEncoding = 4; lastKnownFileType = sourcecode.c.objc; path = IntMainHandler.m; sourceTree = "<group>"; };
		295D3DFF1DACE24A0002581C /* IntBaseHandler.h */ = {isa = PBXFileReference; fileEncoding = 4; lastKnownFileType = sourcecode.c.h; path = IntBaseHandler.h; sourceTree = "<group>"; };
		295D3E001DACE24A0002581C /* IntBaseHandler.m */ = {isa = PBXFileReference; fileEncoding = 4; lastKnownFileType = sourcecode.c.objc; path = IntBaseHandler.m; sourceTree = "<group>"; };
		295D3E021DACE4050002581C /* IntFocus.h */ = {isa = PBXFileReference; fileEncoding = 4; lastKnownFileType = sourcecode.c.h; path = IntFocus.h; sourceTree = "<group>"; };
		295D3E031DACE4050002581C /* IntFocus.m */ = {isa = PBXFileReference; fileEncoding = 4; lastKnownFileType = sourcecode.c.objc; path = IntFocus.m; sourceTree = "<group>"; };
		295D3E051DACEA9E0002581C /* CellFocus.h */ = {isa = PBXFileReference; fileEncoding = 4; lastKnownFileType = sourcecode.c.h; path = CellFocus.h; sourceTree = "<group>"; };
		295D3E061DACEA9E0002581C /* CellFocus.m */ = {isa = PBXFileReference; fileEncoding = 4; lastKnownFileType = sourcecode.c.objc; path = CellFocus.m; sourceTree = "<group>"; };
		295D3E091DAE2A400002581C /* IJKMediaFramework.framework */ = {isa = PBXFileReference; lastKnownFileType = wrapper.framework; path = IJKMediaFramework.framework; sourceTree = "<group>"; };
		295D3E0B1DAE2A540002581C /* AudioToolbox.framework */ = {isa = PBXFileReference; lastKnownFileType = wrapper.framework; name = AudioToolbox.framework; path = System/Library/Frameworks/AudioToolbox.framework; sourceTree = SDKROOT; };
		295D3E0D1DAE2A5A0002581C /* AVFoundation.framework */ = {isa = PBXFileReference; lastKnownFileType = wrapper.framework; name = AVFoundation.framework; path = System/Library/Frameworks/AVFoundation.framework; sourceTree = SDKROOT; };
		295D3E0F1DAE2A610002581C /* CoreGraphics.framework */ = {isa = PBXFileReference; lastKnownFileType = wrapper.framework; name = CoreGraphics.framework; path = System/Library/Frameworks/CoreGraphics.framework; sourceTree = SDKROOT; };
		295D3E111DAE2A6D0002581C /* CoreMedia.framework */ = {isa = PBXFileReference; lastKnownFileType = wrapper.framework; name = CoreMedia.framework; path = System/Library/Frameworks/CoreMedia.framework; sourceTree = SDKROOT; };
		295D3E131DAE2A7F0002581C /* CoreVideo.framework */ = {isa = PBXFileReference; lastKnownFileType = wrapper.framework; name = CoreVideo.framework; path = System/Library/Frameworks/CoreVideo.framework; sourceTree = SDKROOT; };
		295D3E151DAE2A8F0002581C /* libbz2.tbd */ = {isa = PBXFileReference; lastKnownFileType = "sourcecode.text-based-dylib-definition"; name = libbz2.tbd; path = usr/lib/libbz2.tbd; sourceTree = SDKROOT; };
		295D3E171DAE2A940002581C /* libz.tbd */ = {isa = PBXFileReference; lastKnownFileType = "sourcecode.text-based-dylib-definition"; name = libz.tbd; path = usr/lib/libz.tbd; sourceTree = SDKROOT; };
		295D3E191DAE2A9C0002581C /* MediaPlayer.framework */ = {isa = PBXFileReference; lastKnownFileType = wrapper.framework; name = MediaPlayer.framework; path = System/Library/Frameworks/MediaPlayer.framework; sourceTree = SDKROOT; };
		295D3E1B1DAE2AA30002581C /* MobileCoreServices.framework */ = {isa = PBXFileReference; lastKnownFileType = wrapper.framework; name = MobileCoreServices.framework; path = System/Library/Frameworks/MobileCoreServices.framework; sourceTree = SDKROOT; };
		295D3E1D1DAE2ACA0002581C /* OpenGLES.framework */ = {isa = PBXFileReference; lastKnownFileType = wrapper.framework; name = OpenGLES.framework; path = System/Library/Frameworks/OpenGLES.framework; sourceTree = SDKROOT; };
		295D3E1F1DAE2AD50002581C /* QuartzCore.framework */ = {isa = PBXFileReference; lastKnownFileType = wrapper.framework; name = QuartzCore.framework; path = System/Library/Frameworks/QuartzCore.framework; sourceTree = SDKROOT; };
		295D3E211DAE2AE10002581C /* VideoToolbox.framework */ = {isa = PBXFileReference; lastKnownFileType = wrapper.framework; name = VideoToolbox.framework; path = System/Library/Frameworks/VideoToolbox.framework; sourceTree = SDKROOT; };
		295D3E241DAE2B3D0002581C /* VCPlayer.h */ = {isa = PBXFileReference; fileEncoding = 4; lastKnownFileType = sourcecode.c.h; path = VCPlayer.h; sourceTree = "<group>"; };
		295D3E251DAE2B3D0002581C /* VCPlayer.m */ = {isa = PBXFileReference; fileEncoding = 4; lastKnownFileType = sourcecode.c.objc; path = VCPlayer.m; sourceTree = "<group>"; };
		295D3E271DAF41F50002581C /* INTLocationManager.h */ = {isa = PBXFileReference; fileEncoding = 4; lastKnownFileType = sourcecode.c.h; name = INTLocationManager.h; path = ../Network/INTLocationManager.h; sourceTree = "<group>"; };
		295D3E281DAF41F50002581C /* INTLocationManager.m */ = {isa = PBXFileReference; fileEncoding = 4; lastKnownFileType = sourcecode.c.objc; name = INTLocationManager.m; path = ../Network/INTLocationManager.m; sourceTree = "<group>"; };
		295D3E2D1DAF515A0002581C /* INTNear.h */ = {isa = PBXFileReference; fileEncoding = 4; lastKnownFileType = sourcecode.c.h; path = INTNear.h; sourceTree = "<group>"; };
		295D3E2E1DAF515A0002581C /* INTNear.m */ = {isa = PBXFileReference; fileEncoding = 4; lastKnownFileType = sourcecode.c.objc; path = INTNear.m; sourceTree = "<group>"; };
		295D3E301DAF54F00002581C /* CellNearby.h */ = {isa = PBXFileReference; fileEncoding = 4; lastKnownFileType = sourcecode.c.h; path = CellNearby.h; sourceTree = "<group>"; };
		295D3E311DAF54F00002581C /* CellNearby.m */ = {isa = PBXFileReference; fileEncoding = 4; lastKnownFileType = sourcecode.c.objc; path = CellNearby.m; sourceTree = "<group>"; };
		295D3E341DAF5CF40002581C /* MJChiBaoZiHeader.h */ = {isa = PBXFileReference; fileEncoding = 4; lastKnownFileType = sourcecode.c.h; path = MJChiBaoZiHeader.h; sourceTree = "<group>"; };
		295D3E351DAF5CF40002581C /* MJChiBaoZiHeader.m */ = {isa = PBXFileReference; fileEncoding = 4; lastKnownFileType = sourcecode.c.objc; path = MJChiBaoZiHeader.m; sourceTree = "<group>"; };
		295D3E371DAF696F0002581C /* INTAdvitiseView.h */ = {isa = PBXFileReference; fileEncoding = 4; lastKnownFileType = sourcecode.c.h; path = INTAdvitiseView.h; sourceTree = "<group>"; };
		295D3E381DAF696F0002581C /* INTAdvitiseView.m */ = {isa = PBXFileReference; fileEncoding = 4; lastKnownFileType = sourcecode.c.objc; path = INTAdvitiseView.m; sourceTree = "<group>"; };
		295D3E3A1DAF6A8F0002581C /* INTAdvitise.h */ = {isa = PBXFileReference; fileEncoding = 4; lastKnownFileType = sourcecode.c.h; path = INTAdvitise.h; sourceTree = "<group>"; };
		295D3E3B1DAF6A8F0002581C /* INTAdvitise.m */ = {isa = PBXFileReference; fileEncoding = 4; lastKnownFileType = sourcecode.c.objc; path = INTAdvitise.m; sourceTree = "<group>"; };
		295D3E3D1DAF77E10002581C /* INTCacheHelper.h */ = {isa = PBXFileReference; fileEncoding = 4; lastKnownFileType = sourcecode.c.h; path = INTCacheHelper.h; sourceTree = "<group>"; };
		295D3E3E1DAF77E10002581C /* INTCacheHelper.m */ = {isa = PBXFileReference; fileEncoding = 4; lastKnownFileType = sourcecode.c.objc; path = INTCacheHelper.m; sourceTree = "<group>"; };
		295D3E401DAF98270002581C /* LFLivePreview.h */ = {isa = PBXFileReference; fileEncoding = 4; lastKnownFileType = sourcecode.c.h; path = LFLivePreview.h; sourceTree = "<group>"; };
		295D3E411DAF98270002581C /* LFLivePreview.m */ = {isa = PBXFileReference; fileEncoding = 4; lastKnownFileType = sourcecode.c.objc; path = LFLivePreview.m; sourceTree = "<group>"; };
		295D3E7C1DB0CDC80002581C /* XMPPConfig.h */ = {isa = PBXFileReference; fileEncoding = 4; lastKnownFileType = sourcecode.c.h; path = XMPPConfig.h; sourceTree = "<group>"; };
		297777881DAC8E9A00825C36 /* VCFocus.h */ = {isa = PBXFileReference; fileEncoding = 4; lastKnownFileType = sourcecode.c.h; path = VCFocus.h; sourceTree = "<group>"; };
		297777891DAC8E9A00825C36 /* VCFocus.m */ = {isa = PBXFileReference; fileEncoding = 4; lastKnownFileType = sourcecode.c.objc; path = VCFocus.m; sourceTree = "<group>"; };
		2977778B1DAC8EA800825C36 /* VCAttention.h */ = {isa = PBXFileReference; fileEncoding = 4; lastKnownFileType = sourcecode.c.h; path = VCAttention.h; sourceTree = "<group>"; };
		2977778C1DAC8EA800825C36 /* VCAttention.m */ = {isa = PBXFileReference; fileEncoding = 4; lastKnownFileType = sourcecode.c.objc; path = VCAttention.m; sourceTree = "<group>"; };
		2977778E1DAC8EC200825C36 /* VCNearby.h */ = {isa = PBXFileReference; fileEncoding = 4; lastKnownFileType = sourcecode.c.h; path = VCNearby.h; sourceTree = "<group>"; };
		2977778F1DAC8EC200825C36 /* VCNearby.m */ = {isa = PBXFileReference; fileEncoding = 4; lastKnownFileType = sourcecode.c.objc; path = VCNearby.m; sourceTree = "<group>"; };
		29FED1F11DAC966700B61920 /* INTMainNavView.h */ = {isa = PBXFileReference; fileEncoding = 4; lastKnownFileType = sourcecode.c.h; path = INTMainNavView.h; sourceTree = "<group>"; };
		29FED1F21DAC966700B61920 /* INTMainNavView.m */ = {isa = PBXFileReference; fileEncoding = 4; lastKnownFileType = sourcecode.c.objc; path = INTMainNavView.m; sourceTree = "<group>"; };
		4DE6C3077AABB84E1801055D /* libPods-Introke.a */ = {isa = PBXFileReference; explicitFileType = archive.ar; includeInIndex = 0; path = "libPods-Introke.a"; sourceTree = BUILT_PRODUCTS_DIR; };
		C8199397D1FB21AB7529364C /* Pods-Introke.release.xcconfig */ = {isa = PBXFileReference; includeInIndex = 1; lastKnownFileType = text.xcconfig; name = "Pods-Introke.release.xcconfig"; path = "Pods/Target Support Files/Pods-Introke/Pods-Introke.release.xcconfig"; sourceTree = "<group>"; };
		E6FD68E1CEF816BC97EA2836 /* Pods-Introke.debug.xcconfig */ = {isa = PBXFileReference; includeInIndex = 1; lastKnownFileType = text.xcconfig; name = "Pods-Introke.debug.xcconfig"; path = "Pods/Target Support Files/Pods-Introke/Pods-Introke.debug.xcconfig"; sourceTree = "<group>"; };
/* End PBXFileReference section */

/* Begin PBXFrameworksBuildPhase section */
		291501851DAB6F88002E499A /* Frameworks */ = {
			isa = PBXFrameworksBuildPhase;
			buildActionMask = 2147483647;
			files = (
				295D3E221DAE2AE10002581C /* VideoToolbox.framework in Frameworks */,
				295D3E201DAE2AD50002581C /* QuartzCore.framework in Frameworks */,
				295D3E1E1DAE2ACA0002581C /* OpenGLES.framework in Frameworks */,
				295D3E1C1DAE2AA30002581C /* MobileCoreServices.framework in Frameworks */,
				295D3E1A1DAE2A9C0002581C /* MediaPlayer.framework in Frameworks */,
				295D3E181DAE2A940002581C /* libz.tbd in Frameworks */,
				295D3E161DAE2A8F0002581C /* libbz2.tbd in Frameworks */,
				295D3E141DAE2A7F0002581C /* CoreVideo.framework in Frameworks */,
				295D3E121DAE2A6D0002581C /* CoreMedia.framework in Frameworks */,
				295D3E101DAE2A610002581C /* CoreGraphics.framework in Frameworks */,
				295D3E0E1DAE2A5A0002581C /* AVFoundation.framework in Frameworks */,
				295D3E0C1DAE2A540002581C /* AudioToolbox.framework in Frameworks */,
				19019B2C6E70EA136E78C051 /* libPods-Introke.a in Frameworks */,
				295D3E0A1DAE2A400002581C /* IJKMediaFramework.framework in Frameworks */,
			);
			runOnlyForDeploymentPostprocessing = 0;
		};
/* End PBXFrameworksBuildPhase section */

/* Begin PBXGroup section */
		2915017F1DAB6F88002E499A = {
			isa = PBXGroup;
			children = (
				2915018A1DAB6F88002E499A /* Introke */,
				291501891DAB6F88002E499A /* Products */,
				312BF5EEC585DAD9C7FB4388 /* Pods */,
				B99F3969FEEFBB716020F8A7 /* Frameworks */,
			);
			sourceTree = "<group>";
		};
		291501891DAB6F88002E499A /* Products */ = {
			isa = PBXGroup;
			children = (
				291501881DAB6F88002E499A /* Introke.app */,
			);
			name = Products;
			sourceTree = "<group>";
		};
		2915018A1DAB6F88002E499A /* Introke */ = {
			isa = PBXGroup;
			children = (
				291501C11DAB7FE3002E499A /* Class */,
				2915018B1DAB6F88002E499A /* Supporting Files */,
			);
			path = Introke;
			sourceTree = "<group>";
		};
		2915018B1DAB6F88002E499A /* Supporting Files */ = {
			isa = PBXGroup;
			children = (
				291501941DAB6F88002E499A /* Main.storyboard */,
				291501971DAB6F88002E499A /* Assets.xcassets */,
				291501991DAB6F88002E499A /* LaunchScreen.storyboard */,
				2915019C1DAB6F88002E499A /* Info.plist */,
				2915018C1DAB6F88002E499A /* main.m */,
			);
			name = "Supporting Files";
			sourceTree = "<group>";
		};
		291501C11DAB7FE3002E499A /* Class */ = {
			isa = PBXGroup;
			children = (
				291501C41DAB7FE3002E499A /* Live */,
				291501C81DAB7FE3002E499A /* Luanch */,
				291501CC1DAB7FE3002E499A /* Me */,
				291501D61DAB7FE3002E499A /* Show */,
				291501D01DAB7FE3002E499A /* Other */,
				291501C21DAB7FE3002E499A /* Base */,
				291501C31DAB7FE3002E499A /* Lib */,
				291501DA1DAB7FE3002E499A /* Tools */,
			);
			path = Class;
			sourceTree = "<group>";
		};
		291501C21DAB7FE3002E499A /* Base */ = {
			isa = PBXGroup;
			children = (
				291501E91DAB82F5002E499A /* VCTabBar.h */,
				291501EA1DAB82F5002E499A /* VCTabBar.m */,
				291501EC1DAB8355002E499A /* VCBase.h */,
				291501ED1DAB8355002E499A /* VCBase.m */,
				291501EF1DAB838F002E499A /* CstTabBar.h */,
				291501F01DAB838F002E499A /* CstTabBar.m */,
				291501F31DAB87AD002E499A /* INTBaseNV.h */,
				291501F41DAB87AD002E499A /* INTBaseNV.m */,
				295D3DFF1DACE24A0002581C /* IntBaseHandler.h */,
				295D3E001DACE24A0002581C /* IntBaseHandler.m */,
			);
			path = Base;
			sourceTree = "<group>";
		};
		291501C31DAB7FE3002E499A /* Lib */ = {
			isa = PBXGroup;
			children = (
			);
			path = Lib;
			sourceTree = "<group>";
		};
		291501C41DAB7FE3002E499A /* Live */ = {
			isa = PBXGroup;
			children = (
				291501C51DAB7FE3002E499A /* Controller */,
				291501C61DAB7FE3002E499A /* Model */,
				291501C71DAB7FE3002E499A /* View */,
			);
			path = Live;
			sourceTree = "<group>";
		};
		291501C51DAB7FE3002E499A /* Controller */ = {
			isa = PBXGroup;
			children = (
			);
			path = Controller;
			sourceTree = "<group>";
		};
		291501C61DAB7FE3002E499A /* Model */ = {
			isa = PBXGroup;
			children = (
			);
			path = Model;
			sourceTree = "<group>";
		};
		291501C71DAB7FE3002E499A /* View */ = {
			isa = PBXGroup;
			children = (
			);
			path = View;
			sourceTree = "<group>";
		};
		291501C81DAB7FE3002E499A /* Luanch */ = {
			isa = PBXGroup;
			children = (
				291501C91DAB7FE3002E499A /* Controller */,
				291501CA1DAB7FE3002E499A /* Model */,
				291501CB1DAB7FE3002E499A /* View */,
			);
			path = Luanch;
			sourceTree = "<group>";
		};
		291501C91DAB7FE3002E499A /* Controller */ = {
			isa = PBXGroup;
			children = (
				291501FC1DAB8C84002E499A /* VCLuanch.h */,
				291501FD1DAB8C84002E499A /* VCLuanch.m */,
			);
			path = Controller;
			sourceTree = "<group>";
		};
		291501CA1DAB7FE3002E499A /* Model */ = {
			isa = PBXGroup;
			children = (
			);
			path = Model;
			sourceTree = "<group>";
		};
		291501CB1DAB7FE3002E499A /* View */ = {
			isa = PBXGroup;
			children = (
			);
			path = View;
			sourceTree = "<group>";
		};
		291501CC1DAB7FE3002E499A /* Me */ = {
			isa = PBXGroup;
			children = (
				291501CD1DAB7FE3002E499A /* Controller */,
				291501CE1DAB7FE3002E499A /* Model */,
				291501CF1DAB7FE3002E499A /* View */,
			);
			path = Me;
			sourceTree = "<group>";
		};
		291501CD1DAB7FE3002E499A /* Controller */ = {
			isa = PBXGroup;
			children = (
				291501F91DAB881D002E499A /* VCMe.h */,
				291501FA1DAB881D002E499A /* VCMe.m */,
			);
			path = Controller;
			sourceTree = "<group>";
		};
		291501CE1DAB7FE3002E499A /* Model */ = {
			isa = PBXGroup;
			children = (
			);
			path = Model;
			sourceTree = "<group>";
		};
		291501CF1DAB7FE3002E499A /* View */ = {
			isa = PBXGroup;
			children = (
			);
			path = View;
			sourceTree = "<group>";
		};
		291501D01DAB7FE3002E499A /* Other */ = {
			isa = PBXGroup;
			children = (
				295D3E7C1DB0CDC80002581C /* XMPPConfig.h */,
				291501D11DAB7FE3002E499A /* AppDelegate.h */,
				291501D21DAB7FE3002E499A /* AppDelegate.m */,
				291501D31DAB7FE3002E499A /* PrefixHeader.pch */,
				291501D41DAB7FE3002E499A /* ViewController.h */,
				291501D51DAB7FE3002E499A /* ViewController.m */,
				291501F21DAB86E2002E499A /* INTMacros.h */,
			);
			path = Other;
			sourceTree = "<group>";
		};
		291501D61DAB7FE3002E499A /* Show */ = {
			isa = PBXGroup;
			children = (
				295D3DFB1DACE1880002581C /* Handler */,
				291501D71DAB7FE3002E499A /* Controller */,
				291501D81DAB7FE3002E499A /* Model */,
				291501D91DAB7FE3002E499A /* View */,
			);
			path = Show;
			sourceTree = "<group>";
		};
		291501D71DAB7FE3002E499A /* Controller */ = {
			isa = PBXGroup;
			children = (
				291501F61DAB880D002E499A /* VCMain.h */,
				291501F71DAB880D002E499A /* VCMain.m */,
				297777881DAC8E9A00825C36 /* VCFocus.h */,
				297777891DAC8E9A00825C36 /* VCFocus.m */,
				2977778B1DAC8EA800825C36 /* VCAttention.h */,
				2977778C1DAC8EA800825C36 /* VCAttention.m */,
				2977778E1DAC8EC200825C36 /* VCNearby.h */,
				2977778F1DAC8EC200825C36 /* VCNearby.m */,
				295D3E241DAE2B3D0002581C /* VCPlayer.h */,
				295D3E251DAE2B3D0002581C /* VCPlayer.m */,
			);
			path = Controller;
			sourceTree = "<group>";
		};
		291501D81DAB7FE3002E499A /* Model */ = {
			isa = PBXGroup;
			children = (
				295D3E021DACE4050002581C /* IntFocus.h */,
				295D3E031DACE4050002581C /* IntFocus.m */,
				295D3E2D1DAF515A0002581C /* INTNear.h */,
				295D3E2E1DAF515A0002581C /* INTNear.m */,
				295D3E3A1DAF6A8F0002581C /* INTAdvitise.h */,
				295D3E3B1DAF6A8F0002581C /* INTAdvitise.m */,
			);
			path = Model;
			sourceTree = "<group>";
		};
		291501D91DAB7FE3002E499A /* View */ = {
			isa = PBXGroup;
			children = (
				295D3E401DAF98270002581C /* LFLivePreview.h */,
				295D3E411DAF98270002581C /* LFLivePreview.m */,
				29FED1F11DAC966700B61920 /* INTMainNavView.h */,
				29FED1F21DAC966700B61920 /* INTMainNavView.m */,
				295D3E051DACEA9E0002581C /* CellFocus.h */,
				295D3E061DACEA9E0002581C /* CellFocus.m */,
				295D3E301DAF54F00002581C /* CellNearby.h */,
				295D3E311DAF54F00002581C /* CellNearby.m */,
				295D3E371DAF696F0002581C /* INTAdvitiseView.h */,
				295D3E381DAF696F0002581C /* INTAdvitiseView.m */,
			);
			path = View;
			sourceTree = "<group>";
		};
		291501DA1DAB7FE3002E499A /* Tools */ = {
			isa = PBXGroup;
			children = (
				295D3E331DAF5CEA0002581C /* Other */,
				291501DB1DAB7FE3002E499A /* Category */,
				291501DE1DAB7FE3002E499A /* Network */,
			);
			path = Tools;
			sourceTree = "<group>";
		};
		291501DB1DAB7FE3002E499A /* Category */ = {
			isa = PBXGroup;
			children = (
				291501E61DAB81DE002E499A /* UIImageView+SDWebImage.h */,
				291501E71DAB81DE002E499A /* UIImageView+SDWebImage.m */,
			);
			path = Category;
			sourceTree = "<group>";
		};
		291501DE1DAB7FE3002E499A /* Network */ = {
			isa = PBXGroup;
			children = (
				291501E21DAB8083002E499A /* HttpTool.h */,
				291501E31DAB8083002E499A /* HttpTool.m */,
				291501E51DAB80F9002E499A /* APIConfig.h */,
			);
			path = Network;
			sourceTree = "<group>";
		};
		295D3DFB1DACE1880002581C /* Handler */ = {
			isa = PBXGroup;
			children = (
				295D3DFC1DACE1A60002581C /* IntMainHandler.h */,
				295D3DFD1DACE1A60002581C /* IntMainHandler.m */,
			);
			path = Handler;
			sourceTree = "<group>";
		};
		295D3E331DAF5CEA0002581C /* Other */ = {
			isa = PBXGroup;
			children = (
				295D3E341DAF5CF40002581C /* MJChiBaoZiHeader.h */,
				295D3E351DAF5CF40002581C /* MJChiBaoZiHeader.m */,
				295D3E271DAF41F50002581C /* INTLocationManager.h */,
				295D3E281DAF41F50002581C /* INTLocationManager.m */,
				295D3E3D1DAF77E10002581C /* INTCacheHelper.h */,
				295D3E3E1DAF77E10002581C /* INTCacheHelper.m */,
			);
			path = Other;
			sourceTree = "<group>";
		};
		312BF5EEC585DAD9C7FB4388 /* Pods */ = {
			isa = PBXGroup;
			children = (
				E6FD68E1CEF816BC97EA2836 /* Pods-Introke.debug.xcconfig */,
				C8199397D1FB21AB7529364C /* Pods-Introke.release.xcconfig */,
			);
			name = Pods;
			sourceTree = "<group>";
		};
		B99F3969FEEFBB716020F8A7 /* Frameworks */ = {
			isa = PBXGroup;
			children = (
				295D3E211DAE2AE10002581C /* VideoToolbox.framework */,
				295D3E1F1DAE2AD50002581C /* QuartzCore.framework */,
				295D3E1D1DAE2ACA0002581C /* OpenGLES.framework */,
				295D3E1B1DAE2AA30002581C /* MobileCoreServices.framework */,
				295D3E191DAE2A9C0002581C /* MediaPlayer.framework */,
				295D3E171DAE2A940002581C /* libz.tbd */,
				295D3E151DAE2A8F0002581C /* libbz2.tbd */,
				295D3E131DAE2A7F0002581C /* CoreVideo.framework */,
				295D3E111DAE2A6D0002581C /* CoreMedia.framework */,
				295D3E0F1DAE2A610002581C /* CoreGraphics.framework */,
				295D3E0D1DAE2A5A0002581C /* AVFoundation.framework */,
				295D3E0B1DAE2A540002581C /* AudioToolbox.framework */,
				295D3E091DAE2A400002581C /* IJKMediaFramework.framework */,
				4DE6C3077AABB84E1801055D /* libPods-Introke.a */,
			);
			name = Frameworks;
			sourceTree = "<group>";
		};
/* End PBXGroup section */

/* Begin PBXNativeTarget section */
		291501871DAB6F88002E499A /* Introke */ = {
			isa = PBXNativeTarget;
			buildConfigurationList = 2915019F1DAB6F88002E499A /* Build configuration list for PBXNativeTarget "Introke" */;
			buildPhases = (
				0EDA4B7D41059FC01D2E2B9B /* Check Pods Manifest.lock */,
				291501841DAB6F88002E499A /* Sources */,
				291501851DAB6F88002E499A /* Frameworks */,
				291501861DAB6F88002E499A /* Resources */,
				E89CAFBB577AD2D1099FC631 /* Embed Pods Frameworks */,
				82D7263D132CCD031DFB40E9 /* Copy Pods Resources */,
			);
			buildRules = (
			);
			dependencies = (
			);
			name = Introke;
			productName = Introke;
			productReference = 291501881DAB6F88002E499A /* Introke.app */;
			productType = "com.apple.product-type.application";
		};
/* End PBXNativeTarget section */

/* Begin PBXProject section */
		291501801DAB6F88002E499A /* Project object */ = {
			isa = PBXProject;
			attributes = {
				CLASSPREFIX = VC;
				LastUpgradeCheck = 0800;
				ORGANIZATIONNAME = luowei;
				TargetAttributes = {
					291501871DAB6F88002E499A = {
						CreatedOnToolsVersion = 8.0;
						DevelopmentTeam = A57W3P5J93;
						ProvisioningStyle = Automatic;
					};
				};
			};
			buildConfigurationList = 291501831DAB6F88002E499A /* Build configuration list for PBXProject "Introke" */;
			compatibilityVersion = "Xcode 3.2";
			developmentRegion = English;
			hasScannedForEncodings = 0;
			knownRegions = (
				en,
				Base,
			);
			mainGroup = 2915017F1DAB6F88002E499A;
			productRefGroup = 291501891DAB6F88002E499A /* Products */;
			projectDirPath = "";
			projectRoot = "";
			targets = (
				291501871DAB6F88002E499A /* Introke */,
			);
		};
/* End PBXProject section */

/* Begin PBXResourcesBuildPhase section */
		291501861DAB6F88002E499A /* Resources */ = {
			isa = PBXResourcesBuildPhase;
			buildActionMask = 2147483647;
			files = (
				2915019B1DAB6F88002E499A /* LaunchScreen.storyboard in Resources */,
				291501981DAB6F88002E499A /* Assets.xcassets in Resources */,
				291501961DAB6F88002E499A /* Main.storyboard in Resources */,
			);
			runOnlyForDeploymentPostprocessing = 0;
		};
/* End PBXResourcesBuildPhase section */

/* Begin PBXShellScriptBuildPhase section */
		0EDA4B7D41059FC01D2E2B9B /* Check Pods Manifest.lock */ = {
			isa = PBXShellScriptBuildPhase;
			buildActionMask = 2147483647;
			files = (
			);
			inputPaths = (
			);
			name = "Check Pods Manifest.lock";
			outputPaths = (
			);
			runOnlyForDeploymentPostprocessing = 0;
			shellPath = /bin/sh;
			shellScript = "diff \"${PODS_ROOT}/../Podfile.lock\" \"${PODS_ROOT}/Manifest.lock\" > /dev/null\nif [[ $? != 0 ]] ; then\n    cat << EOM\nerror: The sandbox is not in sync with the Podfile.lock. Run 'pod install' or update your CocoaPods installation.\nEOM\n    exit 1\nfi\n";
			showEnvVarsInLog = 0;
		};
		82D7263D132CCD031DFB40E9 /* Copy Pods Resources */ = {
			isa = PBXShellScriptBuildPhase;
			buildActionMask = 2147483647;
			files = (
			);
			inputPaths = (
			);
			name = "Copy Pods Resources";
			outputPaths = (
			);
			runOnlyForDeploymentPostprocessing = 0;
			shellPath = /bin/sh;
			shellScript = "\"${SRCROOT}/Pods/Target Support Files/Pods-Introke/Pods-Introke-resources.sh\"\n";
			showEnvVarsInLog = 0;
		};
		E89CAFBB577AD2D1099FC631 /* Embed Pods Frameworks */ = {
			isa = PBXShellScriptBuildPhase;
			buildActionMask = 2147483647;
			files = (
			);
			inputPaths = (
			);
			name = "Embed Pods Frameworks";
			outputPaths = (
			);
			runOnlyForDeploymentPostprocessing = 0;
			shellPath = /bin/sh;
			shellScript = "\"${SRCROOT}/Pods/Target Support Files/Pods-Introke/Pods-Introke-frameworks.sh\"\n";
			showEnvVarsInLog = 0;
		};
/* End PBXShellScriptBuildPhase section */

/* Begin PBXSourcesBuildPhase section */
		291501841DAB6F88002E499A /* Sources */ = {
			isa = PBXSourcesBuildPhase;
			buildActionMask = 2147483647;
			files = (
				295D3E291DAF41F50002581C /* INTLocationManager.m in Sources */,
				29FED1F31DAC966700B61920 /* INTMainNavView.m in Sources */,
				291501F81DAB880D002E499A /* VCMain.m in Sources */,
				295D3E071DACEA9E0002581C /* CellFocus.m in Sources */,
				295D3E3C1DAF6A8F0002581C /* INTAdvitise.m in Sources */,
				295D3E261DAE2B3D0002581C /* VCPlayer.m in Sources */,
				295D3E391DAF696F0002581C /* INTAdvitiseView.m in Sources */,
				295D3E011DACE24A0002581C /* IntBaseHandler.m in Sources */,
				291501F11DAB838F002E499A /* CstTabBar.m in Sources */,
				291501EB1DAB82F5002E499A /* VCTabBar.m in Sources */,
				291501FB1DAB881D002E499A /* VCMe.m in Sources */,
				291501E01DAB7FE3002E499A /* ViewController.m in Sources */,
				291501FE1DAB8C84002E499A /* VCLuanch.m in Sources */,
				291501F51DAB87AD002E499A /* INTBaseNV.m in Sources */,
				295D3E3F1DAF77E10002581C /* INTCacheHelper.m in Sources */,
				295D3E2F1DAF515A0002581C /* INTNear.m in Sources */,
				291501E81DAB81DE002E499A /* UIImageView+SDWebImage.m in Sources */,
				2977778A1DAC8E9A00825C36 /* VCFocus.m in Sources */,
				2977778D1DAC8EA800825C36 /* VCAttention.m in Sources */,
				295D3E041DACE4050002581C /* IntFocus.m in Sources */,
				291501DF1DAB7FE3002E499A /* AppDelegate.m in Sources */,
				2915018D1DAB6F88002E499A /* main.m in Sources */,
				291501E41DAB8083002E499A /* HttpTool.m in Sources */,
				295D3E421DAF98280002581C /* LFLivePreview.m in Sources */,
				291501EE1DAB8355002E499A /* VCBase.m in Sources */,
				295D3E361DAF5CF40002581C /* MJChiBaoZiHeader.m in Sources */,
				297777901DAC8EC200825C36 /* VCNearby.m in Sources */,
				295D3E321DAF54F00002581C /* CellNearby.m in Sources */,
				295D3DFE1DACE1A60002581C /* IntMainHandler.m in Sources */,
			);
			runOnlyForDeploymentPostprocessing = 0;
		};
/* End PBXSourcesBuildPhase section */

/* Begin PBXVariantGroup section */
		291501941DAB6F88002E499A /* Main.storyboard */ = {
			isa = PBXVariantGroup;
			children = (
				291501951DAB6F88002E499A /* Base */,
			);
			name = Main.storyboard;
			sourceTree = "<group>";
		};
		291501991DAB6F88002E499A /* LaunchScreen.storyboard */ = {
			isa = PBXVariantGroup;
			children = (
				2915019A1DAB6F88002E499A /* Base */,
			);
			name = LaunchScreen.storyboard;
			sourceTree = "<group>";
		};
/* End PBXVariantGroup section */

/* Begin XCBuildConfiguration section */
		2915019D1DAB6F88002E499A /* Debug */ = {
			isa = XCBuildConfiguration;
			buildSettings = {
				ALWAYS_SEARCH_USER_PATHS = NO;
				CLANG_ANALYZER_NONNULL = YES;
				CLANG_CXX_LANGUAGE_STANDARD = "gnu++0x";
				CLANG_CXX_LIBRARY = "libc++";
				CLANG_ENABLE_MODULES = YES;
				CLANG_ENABLE_OBJC_ARC = YES;
				CLANG_WARN_BOOL_CONVERSION = YES;
				CLANG_WARN_CONSTANT_CONVERSION = YES;
				CLANG_WARN_DIRECT_OBJC_ISA_USAGE = YES_ERROR;
				CLANG_WARN_DOCUMENTATION_COMMENTS = YES;
				CLANG_WARN_EMPTY_BODY = YES;
				CLANG_WARN_ENUM_CONVERSION = YES;
				CLANG_WARN_INFINITE_RECURSION = YES;
				CLANG_WARN_INT_CONVERSION = YES;
				CLANG_WARN_OBJC_ROOT_CLASS = YES_ERROR;
				CLANG_WARN_SUSPICIOUS_MOVES = YES;
				CLANG_WARN_UNREACHABLE_CODE = YES;
				CLANG_WARN__DUPLICATE_METHOD_MATCH = YES;
				"CODE_SIGN_IDENTITY[sdk=iphoneos*]" = "iPhone Developer";
				COPY_PHASE_STRIP = NO;
				DEBUG_INFORMATION_FORMAT = dwarf;
				ENABLE_STRICT_OBJC_MSGSEND = YES;
				ENABLE_TESTABILITY = YES;
				GCC_C_LANGUAGE_STANDARD = gnu99;
				GCC_DYNAMIC_NO_PIC = NO;
				GCC_NO_COMMON_BLOCKS = YES;
				GCC_OPTIMIZATION_LEVEL = 0;
				GCC_PREPROCESSOR_DEFINITIONS = (
					"DEBUG=1",
					"$(inherited)",
				);
				GCC_WARN_64_TO_32_BIT_CONVERSION = YES;
				GCC_WARN_ABOUT_RETURN_TYPE = YES_ERROR;
				GCC_WARN_UNDECLARED_SELECTOR = YES;
				GCC_WARN_UNINITIALIZED_AUTOS = YES_AGGRESSIVE;
				GCC_WARN_UNUSED_FUNCTION = YES;
				GCC_WARN_UNUSED_VARIABLE = YES;
				IPHONEOS_DEPLOYMENT_TARGET = 10.0;
				MTL_ENABLE_DEBUG_INFO = YES;
				ONLY_ACTIVE_ARCH = YES;
				SDKROOT = iphoneos;
			};
			name = Debug;
		};
		2915019E1DAB6F88002E499A /* Release */ = {
			isa = XCBuildConfiguration;
			buildSettings = {
				ALWAYS_SEARCH_USER_PATHS = NO;
				CLANG_ANALYZER_NONNULL = YES;
				CLANG_CXX_LANGUAGE_STANDARD = "gnu++0x";
				CLANG_CXX_LIBRARY = "libc++";
				CLANG_ENABLE_MODULES = YES;
				CLANG_ENABLE_OBJC_ARC = YES;
				CLANG_WARN_BOOL_CONVERSION = YES;
				CLANG_WARN_CONSTANT_CONVERSION = YES;
				CLANG_WARN_DIRECT_OBJC_ISA_USAGE = YES_ERROR;
				CLANG_WARN_DOCUMENTATION_COMMENTS = YES;
				CLANG_WARN_EMPTY_BODY = YES;
				CLANG_WARN_ENUM_CONVERSION = YES;
				CLANG_WARN_INFINITE_RECURSION = YES;
				CLANG_WARN_INT_CONVERSION = YES;
				CLANG_WARN_OBJC_ROOT_CLASS = YES_ERROR;
				CLANG_WARN_SUSPICIOUS_MOVES = YES;
				CLANG_WARN_UNREACHABLE_CODE = YES;
				CLANG_WARN__DUPLICATE_METHOD_MATCH = YES;
				"CODE_SIGN_IDENTITY[sdk=iphoneos*]" = "iPhone Developer";
				COPY_PHASE_STRIP = NO;
				DEBUG_INFORMATION_FORMAT = "dwarf-with-dsym";
				ENABLE_NS_ASSERTIONS = NO;
				ENABLE_STRICT_OBJC_MSGSEND = YES;
				GCC_C_LANGUAGE_STANDARD = gnu99;
				GCC_NO_COMMON_BLOCKS = YES;
				GCC_WARN_64_TO_32_BIT_CONVERSION = YES;
				GCC_WARN_ABOUT_RETURN_TYPE = YES_ERROR;
				GCC_WARN_UNDECLARED_SELECTOR = YES;
				GCC_WARN_UNINITIALIZED_AUTOS = YES_AGGRESSIVE;
				GCC_WARN_UNUSED_FUNCTION = YES;
				GCC_WARN_UNUSED_VARIABLE = YES;
				IPHONEOS_DEPLOYMENT_TARGET = 10.0;
				MTL_ENABLE_DEBUG_INFO = NO;
				SDKROOT = iphoneos;
				VALIDATE_PRODUCT = YES;
			};
			name = Release;
		};
		291501A01DAB6F88002E499A /* Debug */ = {
			isa = XCBuildConfiguration;
			baseConfigurationReference = E6FD68E1CEF816BC97EA2836 /* Pods-Introke.debug.xcconfig */;
			buildSettings = {
				ASSETCATALOG_COMPILER_APPICON_NAME = AppIcon;
				ASSETCATALOG_COMPILER_LAUNCHIMAGE_NAME = LaunchImage;
				DEVELOPMENT_TEAM = A57W3P5J93;
				FRAMEWORK_SEARCH_PATHS = (
					"$(inherited)",
					"$(PROJECT_DIR)",
				);
				GCC_PREFIX_HEADER = Introke/Class/Other/PrefixHeader.pch;
				INFOPLIST_FILE = Introke/Info.plist;
				IPHONEOS_DEPLOYMENT_TARGET = 8.0;
				LD_RUNPATH_SEARCH_PATHS = "$(inherited) @executable_path/Frameworks";
				PRODUCT_BUNDLE_IDENTIFIER = com.pentaq.Introke;
				PRODUCT_NAME = "$(TARGET_NAME)";
			};
			name = Debug;
		};
		291501A11DAB6F88002E499A /* Release */ = {
			isa = XCBuildConfiguration;
			baseConfigurationReference = C8199397D1FB21AB7529364C /* Pods-Introke.release.xcconfig */;
			buildSettings = {
				ASSETCATALOG_COMPILER_APPICON_NAME = AppIcon;
				ASSETCATALOG_COMPILER_LAUNCHIMAGE_NAME = LaunchImage;
				DEVELOPMENT_TEAM = A57W3P5J93;
				FRAMEWORK_SEARCH_PATHS = (
					"$(inherited)",
					"$(PROJECT_DIR)",
				);
				GCC_PREFIX_HEADER = Introke/Class/Other/PrefixHeader.pch;
				INFOPLIST_FILE = Introke/Info.plist;
				IPHONEOS_DEPLOYMENT_TARGET = 8.0;
				LD_RUNPATH_SEARCH_PATHS = "$(inherited) @executable_path/Frameworks";
				PRODUCT_BUNDLE_IDENTIFIER = com.pentaq.Introke;
				PRODUCT_NAME = "$(TARGET_NAME)";
			};
			name = Release;
		};
/* End XCBuildConfiguration section */

/* Begin XCConfigurationList section */
		291501831DAB6F88002E499A /* Build configuration list for PBXProject "Introke" */ = {
			isa = XCConfigurationList;
			buildConfigurations = (
				2915019D1DAB6F88002E499A /* Debug */,
				2915019E1DAB6F88002E499A /* Release */,
			);
			defaultConfigurationIsVisible = 0;
			defaultConfigurationName = Release;
		};
		2915019F1DAB6F88002E499A /* Build configuration list for PBXNativeTarget "Introke" */ = {
			isa = XCConfigurationList;
			buildConfigurations = (
				291501A01DAB6F88002E499A /* Debug */,
				291501A11DAB6F88002E499A /* Release */,
			);
			defaultConfigurationIsVisible = 0;
			defaultConfigurationName = Release;
		};
/* End XCConfigurationList section */
	};
	rootObject = 291501801DAB6F88002E499A /* Project object */;
}
